
Microsoft Visual Studio Solution File, Format Version 12.00
# Visual Studio Version 17
VisualStudioVersion = 17.6.33815.320
MinimumVisualStudioVersion = 10.0.40219.1
Project("{9A19103F-16F7-4668-BE54-9A1E7A4F7556}") = "SampleLibraryTests", "SampleLibraryTests\SampleLibraryTests.csproj", "{933B8108-4E74-470A-86C7-4B7F633115B9}"
EndProject
Project("{9A19103F-16F7-4668-BE54-9A1E7A4F7556}") = "SampleLibraryUI", "SampleLibraryUI\SampleLibraryUI.csproj", "{0A4B4EEA-8FAB-4AC8-90D4-27DBC5B0CF2A}"
EndProject
Project("{9A19103F-16F7-4668-BE54-9A1E7A4F7556}") = "SampleLibraryZeroTouch", "SampleLibraryZeroTouch\SampleLibraryZeroTouch.csproj", "{BD13C4DC-9045-4E49-B637-B6182B0E3A7F}"
EndProject
Project("{9A19103F-16F7-4668-BE54-9A1E7A4F7556}") = "SampleViewExtension", "SampleViewExtension\SampleViewExtension.csproj", "{146EBF48-E7A0-4ABE-809D-D7F3059E4EE1}"
EndProject
Project("{9A19103F-16F7-4668-BE54-9A1E7A4F7556}") = "SampleExtension", "SampleExtension\SampleExtension.csproj", "{8B27B070-8434-49C8-8D43-41A4AE53BC36}"
EndProject
Project("{9A19103F-16F7-4668-BE54-9A1E7A4F7556}") = "SampleLinter", "SampleLinter\SampleLinter.csproj", "{5F559FDB-99B9-4F4A-9A91-C9EC94C771D8}"
EndProject
Project("{9A19103F-16F7-4668-BE54-9A1E7A4F7556}") = "SampleZeroTouchUnits", "SampleZeroTouchUnits\SampleZeroTouchUnits.csproj", "{4F9ECB35-D321-482A-8ED4-CC8E9342AACE}"
EndProject
Project("{9A19103F-16F7-4668-BE54-9A1E7A4F7556}") = "DynamoAssistantViewExtension", "DynamoAssistantViewExtension\DynamoAssistantViewExtension.csproj", "{2B701ADF-1E6F-4FA0-84BC-6FD86E3A62B6}"
EndProject
Global
	GlobalSection(SolutionConfigurationPlatforms) = preSolution
		Debug|Any CPU = Debug|Any CPU
		Release|Any CPU = Release|Any CPU
	EndGlobalSection
	GlobalSection(ProjectConfigurationPlatforms) = postSolution
		{933B8108-4E74-470A-86C7-4B7F633115B9}.Debug|Any CPU.ActiveCfg = Debug|Any CPU
		{933B8108-4E74-470A-86C7-4B7F633115B9}.Debug|Any CPU.Build.0 = Debug|Any CPU
		{933B8108-4E74-470A-86C7-4B7F633115B9}.Release|Any CPU.ActiveCfg = Release|Any CPU
		{933B8108-4E74-470A-86C7-4B7F633115B9}.Release|Any CPU.Build.0 = Release|Any CPU
		{0A4B4EEA-8FAB-4AC8-90D4-27DBC5B0CF2A}.Debug|Any CPU.ActiveCfg = Debug|Any CPU
		{0A4B4EEA-8FAB-4AC8-90D4-27DBC5B0CF2A}.Debug|Any CPU.Build.0 = Debug|Any CPU
		{0A4B4EEA-8FAB-4AC8-90D4-27DBC5B0CF2A}.Release|Any CPU.ActiveCfg = Release|Any CPU
		{0A4B4EEA-8FAB-4AC8-90D4-27DBC5B0CF2A}.Release|Any CPU.Build.0 = Release|Any CPU
		{BD13C4DC-9045-4E49-B637-B6182B0E3A7F}.Debug|Any CPU.ActiveCfg = Debug|Any CPU
		{BD13C4DC-9045-4E49-B637-B6182B0E3A7F}.Debug|Any CPU.Build.0 = Debug|Any CPU
		{BD13C4DC-9045-4E49-B637-B6182B0E3A7F}.Release|Any CPU.ActiveCfg = Release|Any CPU
		{BD13C4DC-9045-4E49-B637-B6182B0E3A7F}.Release|Any CPU.Build.0 = Release|Any CPU
		{146EBF48-E7A0-4ABE-809D-D7F3059E4EE1}.Debug|Any CPU.ActiveCfg = Debug|Any CPU
		{146EBF48-E7A0-4ABE-809D-D7F3059E4EE1}.Debug|Any CPU.Build.0 = Debug|Any CPU
		{146EBF48-E7A0-4ABE-809D-D7F3059E4EE1}.Release|Any CPU.ActiveCfg = Release|Any CPU
		{146EBF48-E7A0-4ABE-809D-D7F3059E4EE1}.Release|Any CPU.Build.0 = Release|Any CPU
		{8B27B070-8434-49C8-8D43-41A4AE53BC36}.Debug|Any CPU.ActiveCfg = Debug|Any CPU
		{8B27B070-8434-49C8-8D43-41A4AE53BC36}.Debug|Any CPU.Build.0 = Debug|Any CPU
		{8B27B070-8434-49C8-8D43-41A4AE53BC36}.Release|Any CPU.ActiveCfg = Release|Any CPU
		{8B27B070-8434-49C8-8D43-41A4AE53BC36}.Release|Any CPU.Build.0 = Release|Any CPU
		{5F559FDB-99B9-4F4A-9A91-C9EC94C771D8}.Debug|Any CPU.ActiveCfg = Debug|Any CPU
		{5F559FDB-99B9-4F4A-9A91-C9EC94C771D8}.Debug|Any CPU.Build.0 = Debug|Any CPU
		{5F559FDB-99B9-4F4A-9A91-C9EC94C771D8}.Release|Any CPU.ActiveCfg = Release|Any CPU
		{5F559FDB-99B9-4F4A-9A91-C9EC94C771D8}.Release|Any CPU.Build.0 = Release|Any CPU
		{4F9ECB35-D321-482A-8ED4-CC8E9342AACE}.Debug|Any CPU.ActiveCfg = Debug|Any CPU
		{4F9ECB35-D321-482A-8ED4-CC8E9342AACE}.Debug|Any CPU.Build.0 = Debug|Any CPU
		{4F9ECB35-D321-482A-8ED4-CC8E9342AACE}.Release|Any CPU.ActiveCfg = Release|Any CPU
		{4F9ECB35-D321-482A-8ED4-CC8E9342AACE}.Release|Any CPU.Build.0 = Release|Any CPU
		{2B701ADF-1E6F-4FA0-84BC-6FD86E3A62B6}.Debug|Any CPU.ActiveCfg = Debug|Any CPU
		{2B701ADF-1E6F-4FA0-84BC-6FD86E3A62B6}.Debug|Any CPU.Build.0 = Debug|Any CPU
		{2B701ADF-1E6F-4FA0-84BC-6FD86E3A62B6}.Release|Any CPU.ActiveCfg = Release|Any CPU
		{2B701ADF-1E6F-4FA0-84BC-6FD86E3A62B6}.Release|Any CPU.Build.0 = Release|Any CPU
	EndGlobalSection
	GlobalSection(SolutionProperties) = preSolution
		HideSolutionNode = FALSE
	EndGlobalSection
	GlobalSection(ExtensibilityGlobals) = postSolution
		SolutionGuid = {F0D2A6B7-67C9-497C-B186-4E19BDD88E1E}
	EndGlobalSection
EndGlobal
