
Microsoft Visual Studio Solution File, Format Version 12.00
# Visual Studio Version 16
VisualStudioVersion = 16.0.30114.105
MinimumVisualStudioVersion = 10.0.40219.1
Project("{FAE04EC0-301F-11D3-BF4B-00C04F79EFBC}") = "SampleLibraryTests", "SampleLibraryTests\SampleLibraryTests.csproj", "{933B8108-4E74-470A-86C7-4B7F633115B9}"
EndProject
Project("{FAE04EC0-301F-11D3-BF4B-00C04F79EFBC}") = "SampleLibraryUI", "SampleLibraryUI\SampleLibraryUI.csproj", "{0A4B4EEA-8FAB-4AC8-90D4-27DBC5B0CF2A}"
EndProject
Project("{FAE04EC0-301F-11D3-BF4B-00C04F79EFBC}") = "SampleLibraryZeroTouch", "SampleLibraryZeroTouch\SampleLibraryZeroTouch.csproj", "{BD13C4DC-9045-4E49-B637-B6182B0E3A7F}"
EndProject
Project("{FAE04EC0-301F-11D3-BF4B-00C04F79EFBC}") = "SampleViewExtension", "SampleViewExtension\SampleViewExtension.csproj", "{146EBF48-E7A0-4ABE-809D-D7F3059E4EE1}"
EndProject
Project("{FAE04EC0-301F-11D3-BF4B-00C04F79EFBC}") = "SampleExtension", "SampleExtension\SampleExtension.csproj", "{8B27B070-8434-49C8-8D43-41A4AE53BC36}"
EndProject
Global
	GlobalSection(SolutionConfigurationPlatforms) = preSolution
		Debug|Any CPU = Debug|Any CPU
		Debug|x64 = Debug|x64
		Debug|x86 = Debug|x86
		Release|Any CPU = Release|Any CPU
		Release|x64 = Release|x64
		Release|x86 = Release|x86
	EndGlobalSection
	GlobalSection(ProjectConfigurationPlatforms) = postSolution
		{933B8108-4E74-470A-86C7-4B7F633115B9}.Debug|Any CPU.ActiveCfg = Debug|Any CPU
		{933B8108-4E74-470A-86C7-4B7F633115B9}.Debug|Any CPU.Build.0 = Debug|Any CPU
		{933B8108-4E74-470A-86C7-4B7F633115B9}.Debug|x64.ActiveCfg = Debug|Any CPU
		{933B8108-4E74-470A-86C7-4B7F633115B9}.Debug|x64.Build.0 = Debug|Any CPU
		{933B8108-4E74-470A-86C7-4B7F633115B9}.Debug|x86.ActiveCfg = Debug|Any CPU
		{933B8108-4E74-470A-86C7-4B7F633115B9}.Debug|x86.Build.0 = Debug|Any CPU
		{933B8108-4E74-470A-86C7-4B7F633115B9}.Release|Any CPU.ActiveCfg = Release|Any CPU
		{933B8108-4E74-470A-86C7-4B7F633115B9}.Release|Any CPU.Build.0 = Release|Any CPU
		{933B8108-4E74-470A-86C7-4B7F633115B9}.Release|x64.ActiveCfg = Release|Any CPU
		{933B8108-4E74-470A-86C7-4B7F633115B9}.Release|x64.Build.0 = Release|Any CPU
		{933B8108-4E74-470A-86C7-4B7F633115B9}.Release|x86.ActiveCfg = Release|Any CPU
		{933B8108-4E74-470A-86C7-4B7F633115B9}.Release|x86.Build.0 = Release|Any CPU
		{0A4B4EEA-8FAB-4AC8-90D4-27DBC5B0CF2A}.Debug|Any CPU.ActiveCfg = Debug|Any CPU
		{0A4B4EEA-8FAB-4AC8-90D4-27DBC5B0CF2A}.Debug|Any CPU.Build.0 = Debug|Any CPU
		{0A4B4EEA-8FAB-4AC8-90D4-27DBC5B0CF2A}.Debug|x64.ActiveCfg = Debug|Any CPU
		{0A4B4EEA-8FAB-4AC8-90D4-27DBC5B0CF2A}.Debug|x64.Build.0 = Debug|Any CPU
		{0A4B4EEA-8FAB-4AC8-90D4-27DBC5B0CF2A}.Debug|x86.ActiveCfg = Debug|Any CPU
		{0A4B4EEA-8FAB-4AC8-90D4-27DBC5B0CF2A}.Debug|x86.Build.0 = Debug|Any CPU
		{0A4B4EEA-8FAB-4AC8-90D4-27DBC5B0CF2A}.Release|Any CPU.ActiveCfg = Release|Any CPU
		{0A4B4EEA-8FAB-4AC8-90D4-27DBC5B0CF2A}.Release|Any CPU.Build.0 = Release|Any CPU
		{0A4B4EEA-8FAB-4AC8-90D4-27DBC5B0CF2A}.Release|x64.ActiveCfg = Release|Any CPU
		{0A4B4EEA-8FAB-4AC8-90D4-27DBC5B0CF2A}.Release|x64.Build.0 = Release|Any CPU
		{0A4B4EEA-8FAB-4AC8-90D4-27DBC5B0CF2A}.Release|x86.ActiveCfg = Release|Any CPU
		{0A4B4EEA-8FAB-4AC8-90D4-27DBC5B0CF2A}.Release|x86.Build.0 = Release|Any CPU
		{BD13C4DC-9045-4E49-B637-B6182B0E3A7F}.Debug|Any CPU.ActiveCfg = Debug|Any CPU
		{BD13C4DC-9045-4E49-B637-B6182B0E3A7F}.Debug|Any CPU.Build.0 = Debug|Any CPU
		{BD13C4DC-9045-4E49-B637-B6182B0E3A7F}.Debug|x64.ActiveCfg = Debug|Any CPU
		{BD13C4DC-9045-4E49-B637-B6182B0E3A7F}.Debug|x64.Build.0 = Debug|Any CPU
		{BD13C4DC-9045-4E49-B637-B6182B0E3A7F}.Debug|x86.ActiveCfg = Debug|Any CPU
		{BD13C4DC-9045-4E49-B637-B6182B0E3A7F}.Debug|x86.Build.0 = Debug|Any CPU
		{BD13C4DC-9045-4E49-B637-B6182B0E3A7F}.Release|Any CPU.ActiveCfg = Release|Any CPU
		{BD13C4DC-9045-4E49-B637-B6182B0E3A7F}.Release|Any CPU.Build.0 = Release|Any CPU
		{BD13C4DC-9045-4E49-B637-B6182B0E3A7F}.Release|x64.ActiveCfg = Release|Any CPU
		{BD13C4DC-9045-4E49-B637-B6182B0E3A7F}.Release|x64.Build.0 = Release|Any CPU
		{BD13C4DC-9045-4E49-B637-B6182B0E3A7F}.Release|x86.ActiveCfg = Release|Any CPU
		{BD13C4DC-9045-4E49-B637-B6182B0E3A7F}.Release|x86.Build.0 = Release|Any CPU
		{146EBF48-E7A0-4ABE-809D-D7F3059E4EE1}.Debug|Any CPU.ActiveCfg = Debug|Any CPU
		{146EBF48-E7A0-4ABE-809D-D7F3059E4EE1}.Debug|Any CPU.Build.0 = Debug|Any CPU
		{146EBF48-E7A0-4ABE-809D-D7F3059E4EE1}.Debug|x64.ActiveCfg = Debug|x64
		{146EBF48-E7A0-4ABE-809D-D7F3059E4EE1}.Debug|x64.Build.0 = Debug|x64
		{146EBF48-E7A0-4ABE-809D-D7F3059E4EE1}.Debug|x86.ActiveCfg = Debug|x86
		{146EBF48-E7A0-4ABE-809D-D7F3059E4EE1}.Debug|x86.Build.0 = Debug|x86
		{146EBF48-E7A0-4ABE-809D-D7F3059E4EE1}.Release|Any CPU.ActiveCfg = Release|Any CPU
		{146EBF48-E7A0-4ABE-809D-D7F3059E4EE1}.Release|Any CPU.Build.0 = Release|Any CPU
		{146EBF48-E7A0-4ABE-809D-D7F3059E4EE1}.Release|x64.ActiveCfg = Release|Any CPU
		{146EBF48-E7A0-4ABE-809D-D7F3059E4EE1}.Release|x64.Build.0 = Release|Any CPU
		{146EBF48-E7A0-4ABE-809D-D7F3059E4EE1}.Release|x86.ActiveCfg = Release|Any CPU
		{146EBF48-E7A0-4ABE-809D-D7F3059E4EE1}.Release|x86.Build.0 = Release|Any CPU
		{8B27B070-8434-49C8-8D43-41A4AE53BC36}.Debug|Any CPU.ActiveCfg = Debug|Any CPU
		{8B27B070-8434-49C8-8D43-41A4AE53BC36}.Debug|Any CPU.Build.0 = Debug|Any CPU
		{8B27B070-8434-49C8-8D43-41A4AE53BC36}.Debug|x64.ActiveCfg = Debug|Any CPU
		{8B27B070-8434-49C8-8D43-41A4AE53BC36}.Debug|x64.Build.0 = Debug|Any CPU
		{8B27B070-8434-49C8-8D43-41A4AE53BC36}.Debug|x86.ActiveCfg = Debug|Any CPU
		{8B27B070-8434-49C8-8D43-41A4AE53BC36}.Debug|x86.Build.0 = Debug|Any CPU
		{8B27B070-8434-49C8-8D43-41A4AE53BC36}.Release|Any CPU.ActiveCfg = Release|Any CPU
		{8B27B070-8434-49C8-8D43-41A4AE53BC36}.Release|Any CPU.Build.0 = Release|Any CPU
		{8B27B070-8434-49C8-8D43-41A4AE53BC36}.Release|x64.ActiveCfg = Release|Any CPU
		{8B27B070-8434-49C8-8D43-41A4AE53BC36}.Release|x64.Build.0 = Release|Any CPU
		{8B27B070-8434-49C8-8D43-41A4AE53BC36}.Release|x86.ActiveCfg = Release|Any CPU
		{8B27B070-8434-49C8-8D43-41A4AE53BC36}.Release|x86.Build.0 = Release|Any CPU
	EndGlobalSection
	GlobalSection(SolutionProperties) = preSolution
		HideSolutionNode = FALSE
	EndGlobalSection
	GlobalSection(ExtensibilityGlobals) = postSolution
		SolutionGuid = {C321A9B7-EC1C-4906-A5E4-24A2C83BAE2C}
	EndGlobalSection
EndGlobal
